
Microsoft Visual Studio Solution File, Format Version 12.00
# Visual Studio Version 16
VisualStudioVersion = 16.0.28803.156
MinimumVisualStudioVersion = 10.0.40219.1
Project("{FAE04EC0-301F-11D3-BF4B-00C04F79EFBC}") = "StalelessDemo", "StalelessDemo\StalelessDemo.csproj", "{D14E6767-95B3-4592-8A6A-C19C7321862E}"
EndProject
Project("{FAE04EC0-301F-11D3-BF4B-00C04F79EFBC}") = "FsmFromJson", "FsmFromJson\FsmFromJson.csproj", "{B8F3354B-2961-4D77-86B4-CECC60FD7745}"
EndProject
Global
	GlobalSection(SolutionConfigurationPlatforms) = preSolution
		Debug|Any CPU = Debug|Any CPU
		Release|Any CPU = Release|Any CPU
	EndGlobalSection
	GlobalSection(ProjectConfigurationPlatforms) = postSolution
		{D14E6767-95B3-4592-8A6A-C19C7321862E}.Debug|Any CPU.ActiveCfg = Debug|Any CPU
		{D14E6767-95B3-4592-8A6A-C19C7321862E}.Debug|Any CPU.Build.0 = Debug|Any CPU
		{D14E6767-95B3-4592-8A6A-C19C7321862E}.Release|Any CPU.ActiveCfg = Release|Any CPU
		{D14E6767-95B3-4592-8A6A-C19C7321862E}.Release|Any CPU.Build.0 = Release|Any CPU
		{B8F3354B-2961-4D77-86B4-CECC60FD7745}.Debug|Any CPU.ActiveCfg = Debug|Any CPU
		{B8F3354B-2961-4D77-86B4-CECC60FD7745}.Debug|Any CPU.Build.0 = Debug|Any CPU
		{B8F3354B-2961-4D77-86B4-CECC60FD7745}.Release|Any CPU.ActiveCfg = Release|Any CPU
		{B8F3354B-2961-4D77-86B4-CECC60FD7745}.Release|Any CPU.Build.0 = Release|Any CPU
	EndGlobalSection
	GlobalSection(SolutionProperties) = preSolution
		HideSolutionNode = FALSE
	EndGlobalSection
	GlobalSection(ExtensibilityGlobals) = postSolution
		SolutionGuid = {B953914D-6C6C-4B08-A843-1CF7C633EAC4}
	EndGlobalSection
EndGlobal
